
Microsoft Visual Studio Solution File, Format Version 12.00
# Visual Studio Version 17
VisualStudioVersion = 17.8.34525.116
MinimumVisualStudioVersion = 10.0.40219.1
Project("{FAE04EC0-301F-11D3-BF4B-00C04F79EFBC}") = "UnityInBlazor", "UnityInBlazor\UnityInBlazor.csproj", "{161BD42A-AB72-477B-BDD8-0D9AB0D7492C}"
EndProject
Global
	GlobalSection(SolutionConfigurationPlatforms) = preSolution
		Debug|Any CPU = Debug|Any CPU
		Release|Any CPU = Release|Any CPU
	EndGlobalSection
	GlobalSection(ProjectConfigurationPlatforms) = postSolution
		{161BD42A-AB72-477B-BDD8-0D9AB0D7492C}.Debug|Any CPU.ActiveCfg = Debug|Any CPU
		{161BD42A-AB72-477B-BDD8-0D9AB0D7492C}.Debug|Any CPU.Build.0 = Debug|Any CPU
		{161BD42A-AB72-477B-BDD8-0D9AB0D7492C}.Release|Any CPU.ActiveCfg = Release|Any CPU
		{161BD42A-AB72-477B-BDD8-0D9AB0D7492C}.Release|Any CPU.Build.0 = Release|Any CPU
	EndGlobalSection
	GlobalSection(SolutionProperties) = preSolution
		HideSolutionNode = FALSE
	EndGlobalSection
	GlobalSection(ExtensibilityGlobals) = postSolution
		SolutionGuid = {1A8BFFDD-C99B-4512-88F2-2AC8FC950CCE}
	EndGlobalSection
EndGlobal
